
Microsoft Visual Studio Solution File, Format Version 12.00
# Visual Studio Version 16
VisualStudioVersion = 25.0.1706.8
MinimumVisualStudioVersion = 10.0.40219.1
Project("{FAE04EC0-301F-11D3-BF4B-00C04F79EFBC}") = "WordFinder", "WordFinder\WordFinder.csproj", "{50A0CF83-C833-4BB7-8CA6-2014A00185E4}"
EndProject
Project("{FAE04EC0-301F-11D3-BF4B-00C04F79EFBC}") = "WordFinder.UnitTests", "WordFinder.UnitTests\WordFinder.UnitTests.csproj", "{5E0C31A3-F18F-4169-8424-B25D1C326CBB}"
EndProject
Global
	GlobalSection(SolutionConfigurationPlatforms) = preSolution
		Debug|Any CPU = Debug|Any CPU
		Release|Any CPU = Release|Any CPU
	EndGlobalSection
	GlobalSection(ProjectConfigurationPlatforms) = postSolution
		{50A0CF83-C833-4BB7-8CA6-2014A00185E4}.Debug|Any CPU.ActiveCfg = Debug|Any CPU
		{50A0CF83-C833-4BB7-8CA6-2014A00185E4}.Debug|Any CPU.Build.0 = Debug|Any CPU
		{50A0CF83-C833-4BB7-8CA6-2014A00185E4}.Release|Any CPU.ActiveCfg = Release|Any CPU
		{50A0CF83-C833-4BB7-8CA6-2014A00185E4}.Release|Any CPU.Build.0 = Release|Any CPU
		{5E0C31A3-F18F-4169-8424-B25D1C326CBB}.Debug|Any CPU.ActiveCfg = Debug|Any CPU
		{5E0C31A3-F18F-4169-8424-B25D1C326CBB}.Debug|Any CPU.Build.0 = Debug|Any CPU
		{5E0C31A3-F18F-4169-8424-B25D1C326CBB}.Release|Any CPU.ActiveCfg = Release|Any CPU
		{5E0C31A3-F18F-4169-8424-B25D1C326CBB}.Release|Any CPU.Build.0 = Release|Any CPU
	EndGlobalSection
	GlobalSection(SolutionProperties) = preSolution
		HideSolutionNode = FALSE
	EndGlobalSection
	GlobalSection(ExtensibilityGlobals) = postSolution
		SolutionGuid = {D48C3376-E4D1-44EB-B071-5462A0756515}
	EndGlobalSection
EndGlobal
